
Microsoft Visual Studio Solution File, Format Version 12.00
# Visual Studio 14
VisualStudioVersion = 14.0.25420.1
MinimumVisualStudioVersion = 10.0.40219.1
Project("{2150E333-8FDC-42A3-9474-1A3956D46DE8}") = "01-Framework", "01-Framework", "{2A093C28-1200-41AD-8353-E21B9E01C4C7}"
EndProject
Project("{FAE04EC0-301F-11D3-BF4B-00C04F79EFBC}") = "JGCK.Framework", "framework\JGCK.Framework\JGCK.Framework.csproj", "{034BDD9A-4061-42DA-B9BB-5B301B2EFEAC}"
EndProject
Project("{FAE04EC0-301F-11D3-BF4B-00C04F79EFBC}") = "JGCK.Framework.Web.Security", "framework\JGCK.Framework.Web.Security\JGCK.Framework.Web.Security.csproj", "{FAC9FEF2-55CA-4185-B13D-C33BF2941C5C}"
EndProject
Project("{FAE04EC0-301F-11D3-BF4B-00C04F79EFBC}") = "JGCK.Util", "framework\JGCK.Util\JGCK.Util.csproj", "{1BE70373-9665-4166-A57C-61E618AB69CF}"
EndProject
Project("{2150E333-8FDC-42A3-9474-1A3956D46DE8}") = "02-Resporities", "02-Resporities", "{6BAE36EB-60F9-435D-915E-40462A9BC103}"
EndProject
Project("{2150E333-8FDC-42A3-9474-1A3956D46DE8}") = "03-AllModules", "03-AllModules", "{ECD5A776-C705-4EB3-9B88-D5F972AD6B7E}"
EndProject
Project("{FAE04EC0-301F-11D3-BF4B-00C04F79EFBC}") = "JGCK.Respority.BasicInfoWork", "repositories\JGCK.Respority.BasicInfo\JGCK.Respority.BasicInfoWork.csproj", "{F4A19FF0-33E8-410B-AC07-56B0EFAF9653}"
EndProject
Project("{FAE04EC0-301F-11D3-BF4B-00C04F79EFBC}") = "JGCK.Respority.ProductWork", "repositories\JGCK.Respority.ProductWork\JGCK.Respority.ProductWork.csproj", "{E032CA5F-66F8-43EB-8C7C-2A71C96BF5E6}"
EndProject
Project("{FAE04EC0-301F-11D3-BF4B-00C04F79EFBC}") = "JGCK.Respority.ContentWork", "repositories\JGCK.Respority.ContentWork\JGCK.Respority.ContentWork.csproj", "{08B12FBE-D63F-475E-BB62-B9C2EFD252B9}"
EndProject
Project("{FAE04EC0-301F-11D3-BF4B-00C04F79EFBC}") = "JGCK.Respority.OrderWork", "repositories\JGCK.Repority.OrderWork\JGCK.Respority.OrderWork.csproj", "{444C897D-7055-4495-8D3F-20C77E087D92}"
EndProject
Project("{FAE04EC0-301F-11D3-BF4B-00C04F79EFBC}") = "JGCK.Modules.Membership", "modules\JGCK.Modules.Membership\JGCK.Modules.Membership.csproj", "{77983369-5111-4806-B35B-85DBAB264EBE}"
EndProject
Project("{FAE04EC0-301F-11D3-BF4B-00C04F79EFBC}") = "JGCK.Modules.OrderProcessFlow", "modules\JGCK.Modules.OrderProcessFlow\JGCK.Modules.OrderProcessFlow.csproj", "{F58DF582-BAEF-45EF-B4C4-17B16B09E475}"
EndProject
Project("{2150E333-8FDC-42A3-9474-1A3956D46DE8}") = "04-Instrument", "04-Instrument", "{C45E4E39-5959-47EF-8E04-D9C7CD3F19AF}"
EndProject
Project("{FAE04EC0-301F-11D3-BF4B-00C04F79EFBC}") = "JGCK.Util.CloudStorage", "instrument\JGCK.Util.CloudStorage\JGCK.Util.CloudStorage.csproj", "{ECC9B218-A95D-49B3-8DD3-6D21130D08AB}"
EndProject
Project("{FAE04EC0-301F-11D3-BF4B-00C04F79EFBC}") = "JGCK.Util.MessagePusher", "instrument\JGCK.Util.MessagePusher\JGCK.Util.MessagePusher.csproj", "{8EF43579-48EE-44D5-8400-66B52BB24E94}"
EndProject
Project("{FAE04EC0-301F-11D3-BF4B-00C04F79EFBC}") = "JGCK.Web.General", "instrument\JGCK.Web.General\JGCK.Web.General.csproj", "{C50ABEB3-4D14-4314-B285-C84135FABCE3}"
EndProject
Project("{FAE04EC0-301F-11D3-BF4B-00C04F79EFBC}") = "JGCK.Util.WenXin", "instrument\JGCK.Util.WenXin\JGCK.Util.WenXin.csproj", "{F7C130EA-82D2-4B36-BDB9-2465847F2A0D}"
EndProject
Project("{2150E333-8FDC-42A3-9474-1A3956D46DE8}") = "05-Facade", "05-Facade", "{4DF3E640-0657-48F7-A8D9-C9A3BAD6FD71}"
EndProject
Project("{2150E333-8FDC-42A3-9474-1A3956D46DE8}") = "Services", "Services", "{C672C103-6788-4CBC-B52A-A0A879461464}"
EndProject
Project("{2150E333-8FDC-42A3-9474-1A3956D46DE8}") = "Web", "Web", "{124EE6F0-5B80-44B3-9AB1-19E68713F9C0}"
EndProject
Project("{FAE04EC0-301F-11D3-BF4B-00C04F79EFBC}") = "JGCK.Services.RestfulAPI", "services\JGCK.Services.RestfulAPI\JGCK.Services.RestfulAPI.csproj", "{11EEAE7A-6F15-462E-A062-12F6DB6F21B6}"
EndProject
Project("{FAE04EC0-301F-11D3-BF4B-00C04F79EFBC}") = "JGCK.Web.Admin", "presentation\JGCK.Web.Admin\JGCK.Web.Admin.csproj", "{0B66D0D1-1CC9-4F70-ACB4-61AE8E0388AE}"
EndProject
Project("{FAE04EC0-301F-11D3-BF4B-00C04F79EFBC}") = "JGCK.Respority.UserWork", "repositories\JGCK.Respority.UserWork\JGCK.Respority.UserWork.csproj", "{05FAFF0E-0225-45EF-BC59-585E4BB4F16C}"
EndProject
Project("{FAE04EC0-301F-11D3-BF4B-00C04F79EFBC}") = "JGCK.Modules.Configuration", "modules\JGCK.Modules.Configuration\JGCK.Modules.Configuration.csproj", "{CEDC28EE-2A38-448D-BC81-C68B5FEF5127}"
EndProject
Project("{FAE04EC0-301F-11D3-BF4B-00C04F79EFBC}") = "JGCK.Framework.EF", "framework\JGCK.Framework.EF\JGCK.Framework.EF.csproj", "{EAE4CFF9-C3B2-4580-A70F-2B299F9AB340}"
EndProject
Project("{FAE04EC0-301F-11D3-BF4B-00C04F79EFBC}") = "JGCK.Modules.IdentityAuthService", "modules\JGCK.Modules.IdentityAuthService\JGCK.Modules.IdentityAuthService.csproj", "{74FB2678-34DB-41C8-9414-7A2DE202018F}"
EndProject
Project("{FAE04EC0-301F-11D3-BF4B-00C04F79EFBC}") = "JGCK.Modules.Product", "modules\JGCK.Modules.Product\JGCK.Modules.Product.csproj", "{3601CD59-D94D-432F-B440-4B2A86A56B20}"
EndProject
Global
	GlobalSection(SolutionConfigurationPlatforms) = preSolution
		Debug|Any CPU = Debug|Any CPU
		Release|Any CPU = Release|Any CPU
	EndGlobalSection
	GlobalSection(ProjectConfigurationPlatforms) = postSolution
		{034BDD9A-4061-42DA-B9BB-5B301B2EFEAC}.Debug|Any CPU.ActiveCfg = Debug|Any CPU
		{034BDD9A-4061-42DA-B9BB-5B301B2EFEAC}.Debug|Any CPU.Build.0 = Debug|Any CPU
		{034BDD9A-4061-42DA-B9BB-5B301B2EFEAC}.Release|Any CPU.ActiveCfg = Release|Any CPU
		{034BDD9A-4061-42DA-B9BB-5B301B2EFEAC}.Release|Any CPU.Build.0 = Release|Any CPU
		{FAC9FEF2-55CA-4185-B13D-C33BF2941C5C}.Debug|Any CPU.ActiveCfg = Debug|Any CPU
		{FAC9FEF2-55CA-4185-B13D-C33BF2941C5C}.Debug|Any CPU.Build.0 = Debug|Any CPU
		{FAC9FEF2-55CA-4185-B13D-C33BF2941C5C}.Release|Any CPU.ActiveCfg = Release|Any CPU
		{FAC9FEF2-55CA-4185-B13D-C33BF2941C5C}.Release|Any CPU.Build.0 = Release|Any CPU
		{1BE70373-9665-4166-A57C-61E618AB69CF}.Debug|Any CPU.ActiveCfg = Debug|Any CPU
		{1BE70373-9665-4166-A57C-61E618AB69CF}.Debug|Any CPU.Build.0 = Debug|Any CPU
		{1BE70373-9665-4166-A57C-61E618AB69CF}.Release|Any CPU.ActiveCfg = Release|Any CPU
		{1BE70373-9665-4166-A57C-61E618AB69CF}.Release|Any CPU.Build.0 = Release|Any CPU
		{F4A19FF0-33E8-410B-AC07-56B0EFAF9653}.Debug|Any CPU.ActiveCfg = Debug|Any CPU
		{F4A19FF0-33E8-410B-AC07-56B0EFAF9653}.Debug|Any CPU.Build.0 = Debug|Any CPU
		{F4A19FF0-33E8-410B-AC07-56B0EFAF9653}.Release|Any CPU.ActiveCfg = Release|Any CPU
		{F4A19FF0-33E8-410B-AC07-56B0EFAF9653}.Release|Any CPU.Build.0 = Release|Any CPU
		{E032CA5F-66F8-43EB-8C7C-2A71C96BF5E6}.Debug|Any CPU.ActiveCfg = Debug|Any CPU
		{E032CA5F-66F8-43EB-8C7C-2A71C96BF5E6}.Debug|Any CPU.Build.0 = Debug|Any CPU
		{E032CA5F-66F8-43EB-8C7C-2A71C96BF5E6}.Release|Any CPU.ActiveCfg = Release|Any CPU
		{E032CA5F-66F8-43EB-8C7C-2A71C96BF5E6}.Release|Any CPU.Build.0 = Release|Any CPU
		{08B12FBE-D63F-475E-BB62-B9C2EFD252B9}.Debug|Any CPU.ActiveCfg = Debug|Any CPU
		{08B12FBE-D63F-475E-BB62-B9C2EFD252B9}.Debug|Any CPU.Build.0 = Debug|Any CPU
		{08B12FBE-D63F-475E-BB62-B9C2EFD252B9}.Release|Any CPU.ActiveCfg = Release|Any CPU
		{08B12FBE-D63F-475E-BB62-B9C2EFD252B9}.Release|Any CPU.Build.0 = Release|Any CPU
		{444C897D-7055-4495-8D3F-20C77E087D92}.Debug|Any CPU.ActiveCfg = Debug|Any CPU
		{444C897D-7055-4495-8D3F-20C77E087D92}.Debug|Any CPU.Build.0 = Debug|Any CPU
		{444C897D-7055-4495-8D3F-20C77E087D92}.Release|Any CPU.ActiveCfg = Release|Any CPU
		{444C897D-7055-4495-8D3F-20C77E087D92}.Release|Any CPU.Build.0 = Release|Any CPU
		{77983369-5111-4806-B35B-85DBAB264EBE}.Debug|Any CPU.ActiveCfg = Debug|Any CPU
		{77983369-5111-4806-B35B-85DBAB264EBE}.Debug|Any CPU.Build.0 = Debug|Any CPU
		{77983369-5111-4806-B35B-85DBAB264EBE}.Release|Any CPU.ActiveCfg = Release|Any CPU
		{77983369-5111-4806-B35B-85DBAB264EBE}.Release|Any CPU.Build.0 = Release|Any CPU
		{F58DF582-BAEF-45EF-B4C4-17B16B09E475}.Debug|Any CPU.ActiveCfg = Debug|Any CPU
		{F58DF582-BAEF-45EF-B4C4-17B16B09E475}.Debug|Any CPU.Build.0 = Debug|Any CPU
		{F58DF582-BAEF-45EF-B4C4-17B16B09E475}.Release|Any CPU.ActiveCfg = Release|Any CPU
		{F58DF582-BAEF-45EF-B4C4-17B16B09E475}.Release|Any CPU.Build.0 = Release|Any CPU
		{ECC9B218-A95D-49B3-8DD3-6D21130D08AB}.Debug|Any CPU.ActiveCfg = Debug|Any CPU
		{ECC9B218-A95D-49B3-8DD3-6D21130D08AB}.Debug|Any CPU.Build.0 = Debug|Any CPU
		{ECC9B218-A95D-49B3-8DD3-6D21130D08AB}.Release|Any CPU.ActiveCfg = Release|Any CPU
		{ECC9B218-A95D-49B3-8DD3-6D21130D08AB}.Release|Any CPU.Build.0 = Release|Any CPU
		{8EF43579-48EE-44D5-8400-66B52BB24E94}.Debug|Any CPU.ActiveCfg = Debug|Any CPU
		{8EF43579-48EE-44D5-8400-66B52BB24E94}.Debug|Any CPU.Build.0 = Debug|Any CPU
		{8EF43579-48EE-44D5-8400-66B52BB24E94}.Release|Any CPU.ActiveCfg = Release|Any CPU
		{8EF43579-48EE-44D5-8400-66B52BB24E94}.Release|Any CPU.Build.0 = Release|Any CPU
		{C50ABEB3-4D14-4314-B285-C84135FABCE3}.Debug|Any CPU.ActiveCfg = Debug|Any CPU
		{C50ABEB3-4D14-4314-B285-C84135FABCE3}.Debug|Any CPU.Build.0 = Debug|Any CPU
		{C50ABEB3-4D14-4314-B285-C84135FABCE3}.Release|Any CPU.ActiveCfg = Release|Any CPU
		{C50ABEB3-4D14-4314-B285-C84135FABCE3}.Release|Any CPU.Build.0 = Release|Any CPU
		{F7C130EA-82D2-4B36-BDB9-2465847F2A0D}.Debug|Any CPU.ActiveCfg = Debug|Any CPU
		{F7C130EA-82D2-4B36-BDB9-2465847F2A0D}.Debug|Any CPU.Build.0 = Debug|Any CPU
		{F7C130EA-82D2-4B36-BDB9-2465847F2A0D}.Release|Any CPU.ActiveCfg = Release|Any CPU
		{F7C130EA-82D2-4B36-BDB9-2465847F2A0D}.Release|Any CPU.Build.0 = Release|Any CPU
		{11EEAE7A-6F15-462E-A062-12F6DB6F21B6}.Debug|Any CPU.ActiveCfg = Debug|Any CPU
		{11EEAE7A-6F15-462E-A062-12F6DB6F21B6}.Debug|Any CPU.Build.0 = Debug|Any CPU
		{11EEAE7A-6F15-462E-A062-12F6DB6F21B6}.Release|Any CPU.ActiveCfg = Release|Any CPU
		{11EEAE7A-6F15-462E-A062-12F6DB6F21B6}.Release|Any CPU.Build.0 = Release|Any CPU
		{0B66D0D1-1CC9-4F70-ACB4-61AE8E0388AE}.Debug|Any CPU.ActiveCfg = Debug|Any CPU
		{0B66D0D1-1CC9-4F70-ACB4-61AE8E0388AE}.Debug|Any CPU.Build.0 = Debug|Any CPU
		{0B66D0D1-1CC9-4F70-ACB4-61AE8E0388AE}.Release|Any CPU.ActiveCfg = Release|Any CPU
		{0B66D0D1-1CC9-4F70-ACB4-61AE8E0388AE}.Release|Any CPU.Build.0 = Release|Any CPU
		{05FAFF0E-0225-45EF-BC59-585E4BB4F16C}.Debug|Any CPU.ActiveCfg = Debug|Any CPU
		{05FAFF0E-0225-45EF-BC59-585E4BB4F16C}.Debug|Any CPU.Build.0 = Debug|Any CPU
		{05FAFF0E-0225-45EF-BC59-585E4BB4F16C}.Release|Any CPU.ActiveCfg = Release|Any CPU
		{05FAFF0E-0225-45EF-BC59-585E4BB4F16C}.Release|Any CPU.Build.0 = Release|Any CPU
		{CEDC28EE-2A38-448D-BC81-C68B5FEF5127}.Debug|Any CPU.ActiveCfg = Debug|Any CPU
		{CEDC28EE-2A38-448D-BC81-C68B5FEF5127}.Debug|Any CPU.Build.0 = Debug|Any CPU
		{CEDC28EE-2A38-448D-BC81-C68B5FEF5127}.Release|Any CPU.ActiveCfg = Release|Any CPU
		{CEDC28EE-2A38-448D-BC81-C68B5FEF5127}.Release|Any CPU.Build.0 = Release|Any CPU
		{EAE4CFF9-C3B2-4580-A70F-2B299F9AB340}.Debug|Any CPU.ActiveCfg = Debug|Any CPU
		{EAE4CFF9-C3B2-4580-A70F-2B299F9AB340}.Debug|Any CPU.Build.0 = Debug|Any CPU
		{EAE4CFF9-C3B2-4580-A70F-2B299F9AB340}.Release|Any CPU.ActiveCfg = Release|Any CPU
		{EAE4CFF9-C3B2-4580-A70F-2B299F9AB340}.Release|Any CPU.Build.0 = Release|Any CPU
		{74FB2678-34DB-41C8-9414-7A2DE202018F}.Debug|Any CPU.ActiveCfg = Debug|Any CPU
		{74FB2678-34DB-41C8-9414-7A2DE202018F}.Debug|Any CPU.Build.0 = Debug|Any CPU
		{74FB2678-34DB-41C8-9414-7A2DE202018F}.Release|Any CPU.ActiveCfg = Release|Any CPU
		{74FB2678-34DB-41C8-9414-7A2DE202018F}.Release|Any CPU.Build.0 = Release|Any CPU
		{3601CD59-D94D-432F-B440-4B2A86A56B20}.Debug|Any CPU.ActiveCfg = Debug|Any CPU
		{3601CD59-D94D-432F-B440-4B2A86A56B20}.Debug|Any CPU.Build.0 = Debug|Any CPU
		{3601CD59-D94D-432F-B440-4B2A86A56B20}.Release|Any CPU.ActiveCfg = Release|Any CPU
		{3601CD59-D94D-432F-B440-4B2A86A56B20}.Release|Any CPU.Build.0 = Release|Any CPU
	EndGlobalSection
	GlobalSection(SolutionProperties) = preSolution
		HideSolutionNode = FALSE
	EndGlobalSection
	GlobalSection(NestedProjects) = preSolution
		{034BDD9A-4061-42DA-B9BB-5B301B2EFEAC} = {2A093C28-1200-41AD-8353-E21B9E01C4C7}
		{FAC9FEF2-55CA-4185-B13D-C33BF2941C5C} = {2A093C28-1200-41AD-8353-E21B9E01C4C7}
		{1BE70373-9665-4166-A57C-61E618AB69CF} = {2A093C28-1200-41AD-8353-E21B9E01C4C7}
		{F4A19FF0-33E8-410B-AC07-56B0EFAF9653} = {6BAE36EB-60F9-435D-915E-40462A9BC103}
		{E032CA5F-66F8-43EB-8C7C-2A71C96BF5E6} = {6BAE36EB-60F9-435D-915E-40462A9BC103}
		{08B12FBE-D63F-475E-BB62-B9C2EFD252B9} = {6BAE36EB-60F9-435D-915E-40462A9BC103}
		{444C897D-7055-4495-8D3F-20C77E087D92} = {6BAE36EB-60F9-435D-915E-40462A9BC103}
		{77983369-5111-4806-B35B-85DBAB264EBE} = {ECD5A776-C705-4EB3-9B88-D5F972AD6B7E}
		{F58DF582-BAEF-45EF-B4C4-17B16B09E475} = {ECD5A776-C705-4EB3-9B88-D5F972AD6B7E}
		{ECC9B218-A95D-49B3-8DD3-6D21130D08AB} = {C45E4E39-5959-47EF-8E04-D9C7CD3F19AF}
		{8EF43579-48EE-44D5-8400-66B52BB24E94} = {C45E4E39-5959-47EF-8E04-D9C7CD3F19AF}
		{C50ABEB3-4D14-4314-B285-C84135FABCE3} = {C45E4E39-5959-47EF-8E04-D9C7CD3F19AF}
		{F7C130EA-82D2-4B36-BDB9-2465847F2A0D} = {C45E4E39-5959-47EF-8E04-D9C7CD3F19AF}
		{C672C103-6788-4CBC-B52A-A0A879461464} = {4DF3E640-0657-48F7-A8D9-C9A3BAD6FD71}
		{124EE6F0-5B80-44B3-9AB1-19E68713F9C0} = {4DF3E640-0657-48F7-A8D9-C9A3BAD6FD71}
		{11EEAE7A-6F15-462E-A062-12F6DB6F21B6} = {C672C103-6788-4CBC-B52A-A0A879461464}
		{0B66D0D1-1CC9-4F70-ACB4-61AE8E0388AE} = {124EE6F0-5B80-44B3-9AB1-19E68713F9C0}
		{05FAFF0E-0225-45EF-BC59-585E4BB4F16C} = {6BAE36EB-60F9-435D-915E-40462A9BC103}
		{CEDC28EE-2A38-448D-BC81-C68B5FEF5127} = {ECD5A776-C705-4EB3-9B88-D5F972AD6B7E}
		{EAE4CFF9-C3B2-4580-A70F-2B299F9AB340} = {2A093C28-1200-41AD-8353-E21B9E01C4C7}
		{74FB2678-34DB-41C8-9414-7A2DE202018F} = {ECD5A776-C705-4EB3-9B88-D5F972AD6B7E}
		{3601CD59-D94D-432F-B440-4B2A86A56B20} = {ECD5A776-C705-4EB3-9B88-D5F972AD6B7E}
	EndGlobalSection
	GlobalSection(ExtensibilityGlobals) = postSolution
		SolutionGuid = {109C6EB6-96A4-4DE7-8116-F2EE99CAFAC7}
	EndGlobalSection
EndGlobal
